hash: 1cff29afc38d55c322689752e28bbd836631840daf364994568304a1e150347c
updated: 2017-09-18T11:25:09.207735077-06:00
imports:
- name: code.cloudfoundry.org/cli
  version: 1418f76293cadfd0813fb274f23826d66d4bcb88
  repo: git@github.com:zmb3/cli.git
  vcs: git
  subpackages:
  - api/cloudcontroller
  - api/cloudcontroller/ccerror
  - api/cloudcontroller/ccv3
  - api/cloudcontroller/ccv3/internal
  - types
- name: github.com/blang/semver
  version: 4a1e882c79dcf4ec00d2e29fac74b9c8938d5052
  repo: https://github.com/blang/semver
- name: github.com/cloudfoundry/bytefmt
  version: f4415fafc5619dd75599a54a7c91fb3948ad58bd
  repo: https://github.com/cloudfoundry/bytefmt
- name: github.com/codegangsta/cli
  version: 2526b57c56f30b50466c96c4133b1a4ad0f0191f
- name: github.com/go-ldap/ldap
  version: 8168ee085ee43257585e50c6441aadf54ecb2c9f
- name: github.com/golang/mock
  version: 13f360950a79f5864a972c786a10a50e44b69541
  subpackages:
  - gomock
- name: github.com/moul/http2curl
  version: 4e24498b31dba4683efb9d35c1c8a91e2eda28c8
- name: github.com/op/go-logging
  version: 970db520ece77730c7e4724c61121037378659d9
- name: github.com/parnurzeal/gorequest
  version: ea779001e09326d30d455dbf37bc0d08c49941a2
- name: github.com/pkg/errors
  version: 645ef00459ed84a119197bfb8d8205042c6df63d
- name: github.com/xchapter7x/lo
  version: e33b245fc7a8186582208abc2458c2691bff681c
- name: golang.org/x/net
  version: 66aacef3dd8a676686c7ae3716979581e8b03c47
  subpackages:
  - html
  - html/atom
  - html/charset
  - publicsuffix
- name: gopkg.in/asn1-ber.v1
  version: 4e86f4367175e39f69d9358a5f17b4dda270378d
- name: gopkg.in/yaml.v2
  version: a83829b6f1293c91addabc89d0571c246397bbf4
testImports:
- name: github.com/golang/protobuf
  version: 8ee79997227bf9b34611aee7946ae64735e6fd93
  repo: https://github.com/golang/protobuf
  subpackages:
  - proto
  - ptypes/any
- name: github.com/onsi/ginkgo
  version: 9eda700730cba42af70d53180f9dcce9266bc2bc
  subpackages:
  - config
  - internal/codelocation
  - internal/containernode
  - internal/failer
  - internal/leafnodes
  - internal/remote
  - internal/spec
  - internal/spec_iterator
  - internal/specrunner
  - internal/suite
  - internal/testingtproxy
  - internal/writer
  - reporters
  - reporters/stenographer
  - reporters/stenographer/support/go-colorable
  - reporters/stenographer/support/go-isatty
  - types
- name: github.com/onsi/gomega
  version: c893efa28eb45626cdaa76c9f653b62488858837
  subpackages:
  - format
  - gbytes
  - gexec
  - ghttp
  - internal/assertion
  - internal/asyncassertion
  - internal/oraclematcher
  - internal/testingtsupport
  - matchers
  - matchers/support/goraph/bipartitegraph
  - matchers/support/goraph/edge
  - matchers/support/goraph/node
  - matchers/support/goraph/util
  - types
- name: golang.org/x/sys
  version: 7ddbeae9ae08c6a06a59597f0c9edbc5ff2444ce
  repo: https://go.googlesource.com/sys
  subpackages:
  - unix
  - windows
- name: golang.org/x/text
  version: bd91bbf73e9a4a801adbfb97133c992678533126
  repo: https://go.googlesource.com/text
  subpackages:
  - encoding
  - encoding/charmap
  - encoding/htmlindex
  - encoding/internal
  - encoding/internal/identifier
  - encoding/japanese
  - encoding/korean
  - encoding/simplifiedchinese
  - encoding/traditionalchinese
  - encoding/unicode
  - internal/gen
  - internal/tag
  - internal/utf8internal
  - language
  - runes
  - transform
  - unicode/cldr
